
Microsoft Visual Studio Solution File, Format Version 12.00
# Visual Studio Version 17
VisualStudioVersion = 17.6.33815.320
MinimumVisualStudioVersion = 10.0.40219.1
Project("{9A19103F-16F7-4668-BE54-9A1E7A4F7556}") = "ClassVillageois", "ClassVillageois\ClassVillageois.csproj", "{5071BB56-CBA1-4421-9617-9776F64E7527}"
EndProject
Project("{FAE04EC0-301F-11D3-BF4B-00C04F79EFBC}") = "csl Villageois", "csl Villageois\csl Villageois.csproj", "{5F0750B1-968D-40B1-BDAB-914555CA00B7}"
EndProject
Global
	GlobalSection(SolutionConfigurationPlatforms) = preSolution
		Debug|Any CPU = Debug|Any CPU
		Release|Any CPU = Release|Any CPU
	EndGlobalSection
	GlobalSection(ProjectConfigurationPlatforms) = postSolution
		{5071BB56-CBA1-4421-9617-9776F64E7527}.Debug|Any CPU.ActiveCfg = Debug|Any CPU
		{5071BB56-CBA1-4421-9617-9776F64E7527}.Debug|Any CPU.Build.0 = Debug|Any CPU
		{5071BB56-CBA1-4421-9617-9776F64E7527}.Release|Any CPU.ActiveCfg = Release|Any CPU
		{5071BB56-CBA1-4421-9617-9776F64E7527}.Release|Any CPU.Build.0 = Release|Any CPU
		{5F0750B1-968D-40B1-BDAB-914555CA00B7}.Debug|Any CPU.ActiveCfg = Debug|Any CPU
		{5F0750B1-968D-40B1-BDAB-914555CA00B7}.Debug|Any CPU.Build.0 = Debug|Any CPU
		{5F0750B1-968D-40B1-BDAB-914555CA00B7}.Release|Any CPU.ActiveCfg = Release|Any CPU
		{5F0750B1-968D-40B1-BDAB-914555CA00B7}.Release|Any CPU.Build.0 = Release|Any CPU
	EndGlobalSection
	GlobalSection(SolutionProperties) = preSolution
		HideSolutionNode = FALSE
	EndGlobalSection
	GlobalSection(ExtensibilityGlobals) = postSolution
		SolutionGuid = {80F82B46-6C86-47C5-99F4-1721E2034C42}
	EndGlobalSection
EndGlobal
